
Microsoft Visual Studio Solution File, Format Version 12.00
# Visual Studio Version 16
VisualStudioVersion = 16.0.32126.315
MinimumVisualStudioVersion = 10.0.40219.1
Project("{FAE04EC0-301F-11D3-BF4B-00C04F79EFBC}") = "Class", "Class\Class.csproj", "{68459D92-D035-4D64-BECA-6519365878D2}"
EndProject
Global
	GlobalSection(SolutionConfigurationPlatforms) = preSolution
		Debug|Any CPU = Debug|Any CPU
		Release|Any CPU = Release|Any CPU
	EndGlobalSection
	GlobalSection(ProjectConfigurationPlatforms) = postSolution
		{68459D92-D035-4D64-BECA-6519365878D2}.Debug|Any CPU.ActiveCfg = Debug|Any CPU
		{68459D92-D035-4D64-BECA-6519365878D2}.Debug|Any CPU.Build.0 = Debug|Any CPU
		{68459D92-D035-4D64-BECA-6519365878D2}.Release|Any CPU.ActiveCfg = Release|Any CPU
		{68459D92-D035-4D64-BECA-6519365878D2}.Release|Any CPU.Build.0 = Release|Any CPU
	EndGlobalSection
	GlobalSection(SolutionProperties) = preSolution
		HideSolutionNode = FALSE
	EndGlobalSection
	GlobalSection(ExtensibilityGlobals) = postSolution
		SolutionGuid = {1B0F32D9-AC17-4CDB-ACDC-0ED84503E4A2}
	EndGlobalSection
EndGlobal
